
Microsoft Visual Studio Solution File, Format Version 12.00
# Visual Studio Version 16
VisualStudioVersion = 16.0.30225.117
MinimumVisualStudioVersion = 10.0.40219.1
Project("{FAE04EC0-301F-11D3-BF4B-00C04F79EFBC}") = "Organization.API", "Organization.API\Organization.API.csproj", "{2469DB52-48A6-447F-A1A5-5888EA07DBDE}"
EndProject
Global
	GlobalSection(SolutionConfigurationPlatforms) = preSolution
		Debug|Any CPU = Debug|Any CPU
		Release|Any CPU = Release|Any CPU
	EndGlobalSection
	GlobalSection(ProjectConfigurationPlatforms) = postSolution
		{2469DB52-48A6-447F-A1A5-5888EA07DBDE}.Debug|Any CPU.ActiveCfg = Debug|Any CPU
		{2469DB52-48A6-447F-A1A5-5888EA07DBDE}.Debug|Any CPU.Build.0 = Debug|Any CPU
		{2469DB52-48A6-447F-A1A5-5888EA07DBDE}.Release|Any CPU.ActiveCfg = Release|Any CPU
		{2469DB52-48A6-447F-A1A5-5888EA07DBDE}.Release|Any CPU.Build.0 = Release|Any CPU
	EndGlobalSection
	GlobalSection(SolutionProperties) = preSolution
		HideSolutionNode = FALSE
	EndGlobalSection
	GlobalSection(ExtensibilityGlobals) = postSolution
		SolutionGuid = {753815BF-CE6A-4ABF-A72C-C41F28D70380}
	EndGlobalSection
EndGlobal
